
Microsoft Visual Studio Solution File, Format Version 12.00
# Visual Studio Version 16
VisualStudioVersion = 16.0.31624.102
MinimumVisualStudioVersion = 10.0.40219.1
Project("{9A19103F-16F7-4668-BE54-9A1E7A4F7556}") = "BlazorMultiLanguage", "BlazorMultiLanguage\BlazorMultiLanguage.csproj", "{9052B48D-5583-4CD6-93F4-8F21A9C96437}"
EndProject
Project("{FAE04EC0-301F-11D3-BF4B-00C04F79EFBC}") = "BlazorMultilanguage.Server", "BlazorMultilanguage.Server\BlazorMultilanguage.Server.csproj", "{DD5E639D-280B-41FC-A334-F8B52BB7ADE3}"
EndProject
Global
	GlobalSection(SolutionConfigurationPlatforms) = preSolution
		Debug|Any CPU = Debug|Any CPU
		Release|Any CPU = Release|Any CPU
	EndGlobalSection
	GlobalSection(ProjectConfigurationPlatforms) = postSolution
		{9052B48D-5583-4CD6-93F4-8F21A9C96437}.Debug|Any CPU.ActiveCfg = Debug|Any CPU
		{9052B48D-5583-4CD6-93F4-8F21A9C96437}.Debug|Any CPU.Build.0 = Debug|Any CPU
		{9052B48D-5583-4CD6-93F4-8F21A9C96437}.Release|Any CPU.ActiveCfg = Release|Any CPU
		{9052B48D-5583-4CD6-93F4-8F21A9C96437}.Release|Any CPU.Build.0 = Release|Any CPU
		{DD5E639D-280B-41FC-A334-F8B52BB7ADE3}.Debug|Any CPU.ActiveCfg = Debug|Any CPU
		{DD5E639D-280B-41FC-A334-F8B52BB7ADE3}.Debug|Any CPU.Build.0 = Debug|Any CPU
		{DD5E639D-280B-41FC-A334-F8B52BB7ADE3}.Release|Any CPU.ActiveCfg = Release|Any CPU
		{DD5E639D-280B-41FC-A334-F8B52BB7ADE3}.Release|Any CPU.Build.0 = Release|Any CPU
	EndGlobalSection
	GlobalSection(SolutionProperties) = preSolution
		HideSolutionNode = FALSE
	EndGlobalSection
	GlobalSection(ExtensibilityGlobals) = postSolution
		SolutionGuid = {2C2D57EE-B2B3-4E4A-B360-BF5CE3B2D3AF}
	EndGlobalSection
EndGlobal
